# THIS IS AN AUTOGENERATED FILE. DO NOT EDIT THIS FILE DIRECTLY.
# yarn lockfile v1


"@babel/code-frame@^7.0.0", "@babel/code-frame@^7.10.4", "@babel/code-frame@^7.5.5":
  version "7.10.4"
  resolved "https://registry.yarnpkg.com/@babel/code-frame/-/code-frame-7.10.4.tgz#168da1a36e90da68ae8d49c0f1b48c7c6249213a"
  integrity sha512-vG6SvB6oYEhvgisZNFRmRCUkLz11c7rp+tbNTynGqc6mS1d5ATd/sGyV6W0KZZnXRKMTzZDRgQT3Ou9jhpAfUg==
  dependencies:
    "@babel/highlight" "^7.10.4"

"@babel/compat-data@^7.10.4", "@babel/compat-data@^7.11.0":
  version "7.11.0"
  resolved "https://registry.yarnpkg.com/@babel/compat-data/-/compat-data-7.11.0.tgz#e9f73efe09af1355b723a7f39b11bad637d7c99c"
  integrity sha512-TPSvJfv73ng0pfnEOh17bYMPQbI95+nGWc71Ss4vZdRBHTDqmM9Z8ZV4rYz8Ks7sfzc95n30k6ODIq5UGnXcYQ==
  dependencies:
    browserslist "^4.12.0"
    invariant "^2.2.4"
    semver "^5.5.0"

"@babel/core@^7.1.0", "@babel/core@^7.4.4":
  version "7.11.5"
  resolved "https://registry.yarnpkg.com/@babel/core/-/core-7.11.5.tgz#6ad96e2f71899ea3f9b651f0a911e85205d1ff6d"
  integrity sha512-fsEANVOcZHzrsV6dMVWqpSeXClq3lNbYrfFGme6DE25FQWe7pyeYpXyx9guqUnpy466JLzZ8z4uwSr2iv60V5Q==
  dependencies:
    "@babel/code-frame" "^7.10.4"
    "@babel/generator" "^7.11.5"
    "@babel/helper-module-transforms" "^7.11.0"
    "@babel/helpers" "^7.10.4"
    "@babel/parser" "^7.11.5"
    "@babel/template" "^7.10.4"
    "@babel/traverse" "^7.11.5"
    "@babel/types" "^7.11.5"
    convert-source-map "^1.7.0"
    debug "^4.1.0"
    gensync "^1.0.0-beta.1"
    json5 "^2.1.2"
    lodash "^4.17.19"
    resolve "^1.3.2"
    semver "^5.4.1"
    source-map "^0.6.1"
"@babel/helper-annotate-as-pure@^7.10.4":
  version "7.10.4"
  resolved "https://registry.yarnpkg.com/@babel/helper-annotate-as-pure/-/helper-annotate-as-pure-7.10.4.tgz#5bf0d495a3f757ac3bda48b5bf3b3ba309c72ba3"
  integrity sha512-XQlqKQP4vXFB7BN8fEEerrmYvHp3fK/rBkRFz9jaJbzK0B1DSfej9Kc7ZzE8Z/OnId1jpJdNAZ3BFQjWG68rcA==
  dependencies:
    "@babel/types" "^7.10.4"

"@babel/helper-builder-binary-assignment-operator-visitor@^7.10.4":
  version "7.10.4"
  resolved "https://registry.yarnpkg.com/@babel/helper-builder-binary-assignment-operator-visitor/-/helper-builder-binary-assignment-operator-visitor-7.10.4.tgz#bb0b75f31bf98cbf9ff143c1ae578b87274ae1a3"
  integrity sha512-L0zGlFrGWZK4PbT8AszSfLTM5sDU1+Az/En9VrdT8/LmEiJt4zXt+Jve9DCAnQcbqDhCI+29y/L93mrDzddCcg==
  dependencies:
    "@babel/helper-explode-assignable-expression" "^7.10.4"
    "@babel/types" "^7.10.4"

"@babel/helper-compilation-targets@^7.10.4":
  version "7.10.4"
  resolved "https://registry.yarnpkg.com/@babel/helper-compilation-targets/-/helper-compilation-targets-7.10.4.tgz#804ae8e3f04376607cc791b9d47d540276332bd2"
  integrity sha512-a3rYhlsGV0UHNDvrtOXBg8/OpfV0OKTkxKPzIplS1zpx7CygDcWWxckxZeDd3gzPzC4kUT0A4nVFDK0wGMh4MQ==
  dependencies:
    "@babel/compat-data" "^7.10.4"
    browserslist "^4.12.0"
    invariant "^2.2.4"
    semver "^5.5.0"

"@babel/core@^7.1.0", "@babel/core@^7.4.4":
  version "7.11.5"
  resolved "https://registry.yarnpkg.com/@babel/core/-/core-7.11.5.tgz#6ad96e2f71899ea3f9b651f0a911e85205d1ff6d"
  integrity sha512-fsEANVOcZHzrsV6dMVWqpSeXClq3lNbYrfFGme6DE25FQWe7pyeYpXyx9guqUnpy466JLzZ8z4uwSr2iv60V5Q==
  dependencies:
    "@babel/code-frame" "^7.10.4"
    "@babel/generator" "^7.11.5"
    "@babel/helper-module-transforms" "^7.11.0"
    "@babel/helpers" "^7.10.4"
    "@babel/parser" "^7.11.5"
    "@babel/template" "^7.10.4"
    "@babel/traverse" "^7.11.5"
    "@babel/types" "^7.11.5"
    convert-source-map "^1.7.0"
    debug "^4.1.0"
    gensync "^1.0.0-beta.1"
    json5 "^2.1.2"
    lodash "^4.17.19"
    resolve "^1.3.2"
    semver "^5.4.1"
    source-map "^0.6.1"

"@babel/generator@^7.11.5", "@babel/generator@^7.4.0":
  version "7.11.5"
  resolved "https://registry.yarnpkg.com/@babel/generator/-/generator-7.11.5.tgz#a5582773425a468e4ba269d9a1f701fbca6a7a82"
  integrity sha512-9UqHWJ4IwRTy4l0o8gq2ef8ws8UPzvtMkVKjTLAiRmza9p9V6Z+OfuNd9fB1j5Q67F+dVJtPC2sZXI8NM9br4g==
  dependencies:
    "@babel/types" "^7.11.5"
    jsesc "^2.5.1"
    source-map "^0.6.1"

"@babel/helper-annotate-as-pure@^7.10.4":
  version "7.10.4"
  resolved "https://registry.yarnpkg.com/@babel/helper-annotate-as-pure/-/helper-annotate-as-pure-7.10.4.tgz#5bf0d495a3f757ac3bda48b5bf3b3ba309c72ba3"
  integrity sha512-XQlqKQP4vXFB7BN8fEEerrmYvHp3fK/rBkRFz9jaJbzK0B1DSfej9Kc7ZzE8Z/OnId1jpJdNAZ3BFQjWG68rcA==
  dependencies:
    "@babel/types" "^7.10.4"

"@babel/helper-builder-binary-assignment-operator-visitor@^7.10.4":
  version "7.10.4"
